
Microsoft Visual Studio Solution File, Format Version 12.00
# Visual Studio 2013
Project("{FAE04EC0-301F-11D3-BF4B-00C04F79EFBC}") = "ChessAndCard.CSharp", "ChessAndCard.CSharp.csproj", "{86D6550A-96D9-0D3C-0C1B-F9FF5D505D17}"
EndProject
Project("{FAE04EC0-301F-11D3-BF4B-00C04F79EFBC}") = "ChessAndCard.CSharp.Editor", "ChessAndCard.CSharp.Editor.csproj", "{5B254A9A-9CEC-6F08-0B58-0489B533FB9B}"
EndProject
Global
	GlobalSection(SolutionConfigurationPlatforms) = preSolution
		Debug|Any CPU = Debug|Any CPU
		Release|Any CPU = Release|Any CPU
	EndGlobalSection
	GlobalSection(ProjectConfigurationPlatforms) = postSolution
		{86D6550A-96D9-0D3C-0C1B-F9FF5D505D17}.Debug|Any CPU.ActiveCfg = Debug|Any CPU
		{86D6550A-96D9-0D3C-0C1B-F9FF5D505D17}.Debug|Any CPU.Build.0 = Debug|Any CPU
		{86D6550A-96D9-0D3C-0C1B-F9FF5D505D17}.Release|Any CPU.ActiveCfg = Release|Any CPU
		{86D6550A-96D9-0D3C-0C1B-F9FF5D505D17}.Release|Any CPU.Build.0 = Release|Any CPU
		{5B254A9A-9CEC-6F08-0B58-0489B533FB9B}.Debug|Any CPU.ActiveCfg = Debug|Any CPU
		{5B254A9A-9CEC-6F08-0B58-0489B533FB9B}.Debug|Any CPU.Build.0 = Debug|Any CPU
		{5B254A9A-9CEC-6F08-0B58-0489B533FB9B}.Release|Any CPU.ActiveCfg = Release|Any CPU
		{5B254A9A-9CEC-6F08-0B58-0489B533FB9B}.Release|Any CPU.Build.0 = Release|Any CPU
	EndGlobalSection
	GlobalSection(SolutionProperties) = preSolution
		HideSolutionNode = FALSE
	EndGlobalSection
EndGlobal
