
Microsoft Visual Studio Solution File, Format Version 12.00
# Visual Studio 2012
Project("{FAE04EC0-301F-11D3-BF4B-00C04F79EFBC}") = "ProtobufOut", "ProtobufOut\ProtobufOut.csproj", "{A82B6CD8-4EA9-4781-B015-5BAC9F8EF2D2}"
EndProject
Global
	GlobalSection(SolutionConfigurationPlatforms) = preSolution
		Debug|Any CPU = Debug|Any CPU
		Release|Any CPU = Release|Any CPU
	EndGlobalSection
	GlobalSection(ProjectConfigurationPlatforms) = postSolution
		{A82B6CD8-4EA9-4781-B015-5BAC9F8EF2D2}.Debug|Any CPU.ActiveCfg = Debug|Any CPU
		{A82B6CD8-4EA9-4781-B015-5BAC9F8EF2D2}.Debug|Any CPU.Build.0 = Debug|Any CPU
		{A82B6CD8-4EA9-4781-B015-5BAC9F8EF2D2}.Release|Any CPU.ActiveCfg = Release|Any CPU
		{A82B6CD8-4EA9-4781-B015-5BAC9F8EF2D2}.Release|Any CPU.Build.0 = Release|Any CPU
	EndGlobalSection
	GlobalSection(SolutionProperties) = preSolution
		HideSolutionNode = FALSE
	EndGlobalSection
EndGlobal
