
Microsoft Visual Studio Solution File, Format Version 12.00
# Visual Studio 2013
Project("{FAE04EC0-301F-11D3-BF4B-00C04F79EFBC}") = "SnakeWar.CSharp", "SnakeWar.CSharp.csproj", "{80B25252-40AB-E3E3-650B-2183B7D12468}"
EndProject
Global
	GlobalSection(SolutionConfigurationPlatforms) = preSolution
		Debug|Any CPU = Debug|Any CPU
		Release|Any CPU = Release|Any CPU
	EndGlobalSection
	GlobalSection(ProjectConfigurationPlatforms) = postSolution
		{80B25252-40AB-E3E3-650B-2183B7D12468}.Debug|Any CPU.ActiveCfg = Debug|Any CPU
		{80B25252-40AB-E3E3-650B-2183B7D12468}.Debug|Any CPU.Build.0 = Debug|Any CPU
		{80B25252-40AB-E3E3-650B-2183B7D12468}.Release|Any CPU.ActiveCfg = Release|Any CPU
		{80B25252-40AB-E3E3-650B-2183B7D12468}.Release|Any CPU.Build.0 = Release|Any CPU
	EndGlobalSection
	GlobalSection(SolutionProperties) = preSolution
		HideSolutionNode = FALSE
	EndGlobalSection
EndGlobal
